{
  "name": "mdi",
  "version": "2.1.19",
  "lockfileVersion": 3,
  "requires": true,
  "packages": {
    "": {
      "name": "mdi",
      "version": "2.1.19",
      "deprecated": "The mdi package was renamed to @mdi/font after v2.2.43. Please rename in your package.json for future updates.",
      "devDependencies": {}
    }
  }
}
